
Microsoft Visual Studio Solution File, Format Version 12.00
# Visual Studio Version 16
VisualStudioVersion = 16.0.29926.136
MinimumVisualStudioVersion = 10.0.40219.1
Project("{FAE04EC0-301F-11D3-BF4B-00C04F79EFBC}") = "TestyForms", "TestyForms\TestyForms.csproj", "{DFD8F197-CD48-4264-8C87-487FC89998CB}"
EndProject
Global
	GlobalSection(SolutionConfigurationPlatforms) = preSolution
		Debug|Any CPU = Debug|Any CPU
		Release|Any CPU = Release|Any CPU
	EndGlobalSection
	GlobalSection(ProjectConfigurationPlatforms) = postSolution
		{DFD8F197-CD48-4264-8C87-487FC89998CB}.Debug|Any CPU.ActiveCfg = Debug|Any CPU
		{DFD8F197-CD48-4264-8C87-487FC89998CB}.Debug|Any CPU.Build.0 = Debug|Any CPU
		{DFD8F197-CD48-4264-8C87-487FC89998CB}.Release|Any CPU.ActiveCfg = Release|Any CPU
		{DFD8F197-CD48-4264-8C87-487FC89998CB}.Release|Any CPU.Build.0 = Release|Any CPU
	EndGlobalSection
	GlobalSection(SolutionProperties) = preSolution
		HideSolutionNode = FALSE
	EndGlobalSection
	GlobalSection(ExtensibilityGlobals) = postSolution
		SolutionGuid = {CE4100A4-BC7B-4C7A-BAD6-CEC0AFABC71E}
	EndGlobalSection
EndGlobal
